
Microsoft Visual Studio Solution File, Format Version 12.00
# Visual Studio Version 16
VisualStudioVersion = 16.0.29411.108
MinimumVisualStudioVersion = 10.0.40219.1
Project("{C7167F0D-BC9F-4E6E-AFE1-012C56B48DB5}") = "UwpBridge", "UwpBridge\UwpBridge.wapproj", "{C7C4E3BF-0391-4D3F-900F-C896ACDDCDC4}"
EndProject
Project("{FAE04EC0-301F-11D3-BF4B-00C04F79EFBC}") = "UwpApp", "UwpApp\UwpApp.csproj", "{074AA534-E1F8-499E-B758-174469F44EB2}"
EndProject
Project("{9A19103F-16F7-4668-BE54-9A1E7A4F7556}") = "UwpApp.Core", "UwpApp.Core\UwpApp.Core.csproj", "{D604066F-75C4-49FC-844B-E87956690440}"
EndProject
Project("{9A19103F-16F7-4668-BE54-9A1E7A4F7556}") = "WpfApp", "WpfApp\WpfApp.csproj", "{1831232F-F095-46FF-93B9-69B6D7929F3B}"
EndProject
Project("{9A19103F-16F7-4668-BE54-9A1E7A4F7556}") = "LauncherApp", "LauncherApp\LauncherApp.csproj", "{F09B1B94-E320-42D0-A296-3DE06D41DC1E}"
EndProject
Project("{FAE04EC0-301F-11D3-BF4B-00C04F79EFBC}") = "WpfApp_Uwp", "WpfApp_Uwp\WpfApp_Uwp.csproj", "{A5449BD9-51A6-4D5B-A256-C5B88B2D68DD}"
EndProject
Global
	GlobalSection(SolutionConfigurationPlatforms) = preSolution
		Debug|Any CPU = Debug|Any CPU
		Debug|ARM = Debug|ARM
		Debug|ARM64 = Debug|ARM64
		Debug|x64 = Debug|x64
		Debug|x86 = Debug|x86
		Release|Any CPU = Release|Any CPU
		Release|ARM = Release|ARM
		Release|ARM64 = Release|ARM64
		Release|x64 = Release|x64
		Release|x86 = Release|x86
	EndGlobalSection
	GlobalSection(ProjectConfigurationPlatforms) = postSolution
		{C7C4E3BF-0391-4D3F-900F-C896ACDDCDC4}.Debug|Any CPU.ActiveCfg = Debug|Any CPU
		{C7C4E3BF-0391-4D3F-900F-C896ACDDCDC4}.Debug|Any CPU.Build.0 = Debug|Any CPU
		{C7C4E3BF-0391-4D3F-900F-C896ACDDCDC4}.Debug|Any CPU.Deploy.0 = Debug|Any CPU
		{C7C4E3BF-0391-4D3F-900F-C896ACDDCDC4}.Debug|ARM.ActiveCfg = Debug|ARM
		{C7C4E3BF-0391-4D3F-900F-C896ACDDCDC4}.Debug|ARM.Build.0 = Debug|ARM
		{C7C4E3BF-0391-4D3F-900F-C896ACDDCDC4}.Debug|ARM.Deploy.0 = Debug|ARM
		{C7C4E3BF-0391-4D3F-900F-C896ACDDCDC4}.Debug|ARM64.ActiveCfg = Debug|ARM64
		{C7C4E3BF-0391-4D3F-900F-C896ACDDCDC4}.Debug|ARM64.Build.0 = Debug|ARM64
		{C7C4E3BF-0391-4D3F-900F-C896ACDDCDC4}.Debug|ARM64.Deploy.0 = Debug|ARM64
		{C7C4E3BF-0391-4D3F-900F-C896ACDDCDC4}.Debug|x64.ActiveCfg = Debug|x64
		{C7C4E3BF-0391-4D3F-900F-C896ACDDCDC4}.Debug|x64.Build.0 = Debug|x64
		{C7C4E3BF-0391-4D3F-900F-C896ACDDCDC4}.Debug|x64.Deploy.0 = Debug|x64
		{C7C4E3BF-0391-4D3F-900F-C896ACDDCDC4}.Debug|x86.ActiveCfg = Debug|x86
		{C7C4E3BF-0391-4D3F-900F-C896ACDDCDC4}.Debug|x86.Build.0 = Debug|x86
		{C7C4E3BF-0391-4D3F-900F-C896ACDDCDC4}.Debug|x86.Deploy.0 = Debug|x86
		{C7C4E3BF-0391-4D3F-900F-C896ACDDCDC4}.Release|Any CPU.ActiveCfg = Release|Any CPU
		{C7C4E3BF-0391-4D3F-900F-C896ACDDCDC4}.Release|Any CPU.Build.0 = Release|Any CPU
		{C7C4E3BF-0391-4D3F-900F-C896ACDDCDC4}.Release|Any CPU.Deploy.0 = Release|Any CPU
		{C7C4E3BF-0391-4D3F-900F-C896ACDDCDC4}.Release|ARM.ActiveCfg = Release|ARM
		{C7C4E3BF-0391-4D3F-900F-C896ACDDCDC4}.Release|ARM.Build.0 = Release|ARM
		{C7C4E3BF-0391-4D3F-900F-C896ACDDCDC4}.Release|ARM.Deploy.0 = Release|ARM
		{C7C4E3BF-0391-4D3F-900F-C896ACDDCDC4}.Release|ARM64.ActiveCfg = Release|ARM64
		{C7C4E3BF-0391-4D3F-900F-C896ACDDCDC4}.Release|ARM64.Build.0 = Release|ARM64
		{C7C4E3BF-0391-4D3F-900F-C896ACDDCDC4}.Release|ARM64.Deploy.0 = Release|ARM64
		{C7C4E3BF-0391-4D3F-900F-C896ACDDCDC4}.Release|x64.ActiveCfg = Release|x64
		{C7C4E3BF-0391-4D3F-900F-C896ACDDCDC4}.Release|x64.Build.0 = Release|x64
		{C7C4E3BF-0391-4D3F-900F-C896ACDDCDC4}.Release|x64.Deploy.0 = Release|x64
		{C7C4E3BF-0391-4D3F-900F-C896ACDDCDC4}.Release|x86.ActiveCfg = Release|x86
		{C7C4E3BF-0391-4D3F-900F-C896ACDDCDC4}.Release|x86.Build.0 = Release|x86
		{C7C4E3BF-0391-4D3F-900F-C896ACDDCDC4}.Release|x86.Deploy.0 = Release|x86
		{074AA534-E1F8-499E-B758-174469F44EB2}.Debug|Any CPU.ActiveCfg = Debug|x86
		{074AA534-E1F8-499E-B758-174469F44EB2}.Debug|ARM.ActiveCfg = Debug|ARM
		{074AA534-E1F8-499E-B758-174469F44EB2}.Debug|ARM.Build.0 = Debug|ARM
		{074AA534-E1F8-499E-B758-174469F44EB2}.Debug|ARM.Deploy.0 = Debug|ARM
		{074AA534-E1F8-499E-B758-174469F44EB2}.Debug|ARM64.ActiveCfg = Debug|x86
		{074AA534-E1F8-499E-B758-174469F44EB2}.Debug|x64.ActiveCfg = Debug|x64
		{074AA534-E1F8-499E-B758-174469F44EB2}.Debug|x64.Build.0 = Debug|x64
		{074AA534-E1F8-499E-B758-174469F44EB2}.Debug|x64.Deploy.0 = Debug|x64
		{074AA534-E1F8-499E-B758-174469F44EB2}.Debug|x86.ActiveCfg = Debug|x86
		{074AA534-E1F8-499E-B758-174469F44EB2}.Debug|x86.Build.0 = Debug|x86
		{074AA534-E1F8-499E-B758-174469F44EB2}.Debug|x86.Deploy.0 = Debug|x86
		{074AA534-E1F8-499E-B758-174469F44EB2}.Release|Any CPU.ActiveCfg = Release|x86
		{074AA534-E1F8-499E-B758-174469F44EB2}.Release|ARM.ActiveCfg = Release|ARM
		{074AA534-E1F8-499E-B758-174469F44EB2}.Release|ARM.Build.0 = Release|ARM
		{074AA534-E1F8-499E-B758-174469F44EB2}.Release|ARM.Deploy.0 = Release|ARM
		{074AA534-E1F8-499E-B758-174469F44EB2}.Release|ARM64.ActiveCfg = Release|x86
		{074AA534-E1F8-499E-B758-174469F44EB2}.Release|x64.ActiveCfg = Release|x64
		{074AA534-E1F8-499E-B758-174469F44EB2}.Release|x64.Build.0 = Release|x64
		{074AA534-E1F8-499E-B758-174469F44EB2}.Release|x64.Deploy.0 = Release|x64
		{074AA534-E1F8-499E-B758-174469F44EB2}.Release|x86.ActiveCfg = Release|x86
		{074AA534-E1F8-499E-B758-174469F44EB2}.Release|x86.Build.0 = Release|x86
		{074AA534-E1F8-499E-B758-174469F44EB2}.Release|x86.Deploy.0 = Release|x86
		{D604066F-75C4-49FC-844B-E87956690440}.Debug|Any CPU.ActiveCfg = Debug|Any CPU
		{D604066F-75C4-49FC-844B-E87956690440}.Debug|Any CPU.Build.0 = Debug|Any CPU
		{D604066F-75C4-49FC-844B-E87956690440}.Debug|ARM.ActiveCfg = Debug|Any CPU
		{D604066F-75C4-49FC-844B-E87956690440}.Debug|ARM.Build.0 = Debug|Any CPU
		{D604066F-75C4-49FC-844B-E87956690440}.Debug|ARM64.ActiveCfg = Debug|Any CPU
		{D604066F-75C4-49FC-844B-E87956690440}.Debug|ARM64.Build.0 = Debug|Any CPU
		{D604066F-75C4-49FC-844B-E87956690440}.Debug|x64.ActiveCfg = Debug|Any CPU
		{D604066F-75C4-49FC-844B-E87956690440}.Debug|x64.Build.0 = Debug|Any CPU
		{D604066F-75C4-49FC-844B-E87956690440}.Debug|x86.ActiveCfg = Debug|Any CPU
		{D604066F-75C4-49FC-844B-E87956690440}.Debug|x86.Build.0 = Debug|Any CPU
		{D604066F-75C4-49FC-844B-E87956690440}.Release|Any CPU.ActiveCfg = Release|Any CPU
		{D604066F-75C4-49FC-844B-E87956690440}.Release|Any CPU.Build.0 = Release|Any CPU
		{D604066F-75C4-49FC-844B-E87956690440}.Release|ARM.ActiveCfg = Release|Any CPU
		{D604066F-75C4-49FC-844B-E87956690440}.Release|ARM.Build.0 = Release|Any CPU
		{D604066F-75C4-49FC-844B-E87956690440}.Release|ARM64.ActiveCfg = Release|Any CPU
		{D604066F-75C4-49FC-844B-E87956690440}.Release|ARM64.Build.0 = Release|Any CPU
		{D604066F-75C4-49FC-844B-E87956690440}.Release|x64.ActiveCfg = Release|Any CPU
		{D604066F-75C4-49FC-844B-E87956690440}.Release|x64.Build.0 = Release|Any CPU
		{D604066F-75C4-49FC-844B-E87956690440}.Release|x86.ActiveCfg = Release|Any CPU
		{D604066F-75C4-49FC-844B-E87956690440}.Release|x86.Build.0 = Release|Any CPU
		{1831232F-F095-46FF-93B9-69B6D7929F3B}.Debug|Any CPU.ActiveCfg = Debug|Any CPU
		{1831232F-F095-46FF-93B9-69B6D7929F3B}.Debug|Any CPU.Build.0 = Debug|Any CPU
		{1831232F-F095-46FF-93B9-69B6D7929F3B}.Debug|ARM.ActiveCfg = Debug|Any CPU
		{1831232F-F095-46FF-93B9-69B6D7929F3B}.Debug|ARM.Build.0 = Debug|Any CPU
		{1831232F-F095-46FF-93B9-69B6D7929F3B}.Debug|ARM64.ActiveCfg = Debug|Any CPU
		{1831232F-F095-46FF-93B9-69B6D7929F3B}.Debug|ARM64.Build.0 = Debug|Any CPU
		{1831232F-F095-46FF-93B9-69B6D7929F3B}.Debug|x64.ActiveCfg = Debug|x64
		{1831232F-F095-46FF-93B9-69B6D7929F3B}.Debug|x64.Build.0 = Debug|x64
		{1831232F-F095-46FF-93B9-69B6D7929F3B}.Debug|x86.ActiveCfg = Debug|x86
		{1831232F-F095-46FF-93B9-69B6D7929F3B}.Debug|x86.Build.0 = Debug|x86
		{1831232F-F095-46FF-93B9-69B6D7929F3B}.Release|Any CPU.ActiveCfg = Release|Any CPU
		{1831232F-F095-46FF-93B9-69B6D7929F3B}.Release|Any CPU.Build.0 = Release|Any CPU
		{1831232F-F095-46FF-93B9-69B6D7929F3B}.Release|ARM.ActiveCfg = Release|Any CPU
		{1831232F-F095-46FF-93B9-69B6D7929F3B}.Release|ARM.Build.0 = Release|Any CPU
		{1831232F-F095-46FF-93B9-69B6D7929F3B}.Release|ARM64.ActiveCfg = Release|Any CPU
		{1831232F-F095-46FF-93B9-69B6D7929F3B}.Release|ARM64.Build.0 = Release|Any CPU
		{1831232F-F095-46FF-93B9-69B6D7929F3B}.Release|x64.ActiveCfg = Release|x64
		{1831232F-F095-46FF-93B9-69B6D7929F3B}.Release|x64.Build.0 = Release|x64
		{1831232F-F095-46FF-93B9-69B6D7929F3B}.Release|x86.ActiveCfg = Release|x86
		{1831232F-F095-46FF-93B9-69B6D7929F3B}.Release|x86.Build.0 = Release|x86
		{F09B1B94-E320-42D0-A296-3DE06D41DC1E}.Debug|Any CPU.ActiveCfg = Debug|Any CPU
		{F09B1B94-E320-42D0-A296-3DE06D41DC1E}.Debug|Any CPU.Build.0 = Debug|Any CPU
		{F09B1B94-E320-42D0-A296-3DE06D41DC1E}.Debug|ARM.ActiveCfg = Debug|Any CPU
		{F09B1B94-E320-42D0-A296-3DE06D41DC1E}.Debug|ARM.Build.0 = Debug|Any CPU
		{F09B1B94-E320-42D0-A296-3DE06D41DC1E}.Debug|ARM64.ActiveCfg = Debug|Any CPU
		{F09B1B94-E320-42D0-A296-3DE06D41DC1E}.Debug|ARM64.Build.0 = Debug|Any CPU
		{F09B1B94-E320-42D0-A296-3DE06D41DC1E}.Debug|x64.ActiveCfg = Debug|Any CPU
		{F09B1B94-E320-42D0-A296-3DE06D41DC1E}.Debug|x64.Build.0 = Debug|Any CPU
		{F09B1B94-E320-42D0-A296-3DE06D41DC1E}.Debug|x86.ActiveCfg = Debug|Any CPU
		{F09B1B94-E320-42D0-A296-3DE06D41DC1E}.Debug|x86.Build.0 = Debug|Any CPU
		{F09B1B94-E320-42D0-A296-3DE06D41DC1E}.Release|Any CPU.ActiveCfg = Release|Any CPU
		{F09B1B94-E320-42D0-A296-3DE06D41DC1E}.Release|Any CPU.Build.0 = Release|Any CPU
		{F09B1B94-E320-42D0-A296-3DE06D41DC1E}.Release|ARM.ActiveCfg = Release|Any CPU
		{F09B1B94-E320-42D0-A296-3DE06D41DC1E}.Release|ARM.Build.0 = Release|Any CPU
		{F09B1B94-E320-42D0-A296-3DE06D41DC1E}.Release|ARM64.ActiveCfg = Release|Any CPU
		{F09B1B94-E320-42D0-A296-3DE06D41DC1E}.Release|ARM64.Build.0 = Release|Any CPU
		{F09B1B94-E320-42D0-A296-3DE06D41DC1E}.Release|x64.ActiveCfg = Release|Any CPU
		{F09B1B94-E320-42D0-A296-3DE06D41DC1E}.Release|x64.Build.0 = Release|Any CPU
		{F09B1B94-E320-42D0-A296-3DE06D41DC1E}.Release|x86.ActiveCfg = Release|Any CPU
		{F09B1B94-E320-42D0-A296-3DE06D41DC1E}.Release|x86.Build.0 = Release|Any CPU
		{A5449BD9-51A6-4D5B-A256-C5B88B2D68DD}.Debug|Any CPU.ActiveCfg = Debug|x86
		{A5449BD9-51A6-4D5B-A256-C5B88B2D68DD}.Debug|ARM.ActiveCfg = Debug|ARM
		{A5449BD9-51A6-4D5B-A256-C5B88B2D68DD}.Debug|ARM.Build.0 = Debug|ARM
		{A5449BD9-51A6-4D5B-A256-C5B88B2D68DD}.Debug|ARM.Deploy.0 = Debug|ARM
		{A5449BD9-51A6-4D5B-A256-C5B88B2D68DD}.Debug|ARM64.ActiveCfg = Debug|ARM64
		{A5449BD9-51A6-4D5B-A256-C5B88B2D68DD}.Debug|ARM64.Build.0 = Debug|ARM64
		{A5449BD9-51A6-4D5B-A256-C5B88B2D68DD}.Debug|ARM64.Deploy.0 = Debug|ARM64
		{A5449BD9-51A6-4D5B-A256-C5B88B2D68DD}.Debug|x64.ActiveCfg = Debug|x64
		{A5449BD9-51A6-4D5B-A256-C5B88B2D68DD}.Debug|x64.Build.0 = Debug|x64
		{A5449BD9-51A6-4D5B-A256-C5B88B2D68DD}.Debug|x64.Deploy.0 = Debug|x64
		{A5449BD9-51A6-4D5B-A256-C5B88B2D68DD}.Debug|x86.ActiveCfg = Debug|x86
		{A5449BD9-51A6-4D5B-A256-C5B88B2D68DD}.Debug|x86.Build.0 = Debug|x86
		{A5449BD9-51A6-4D5B-A256-C5B88B2D68DD}.Debug|x86.Deploy.0 = Debug|x86
		{A5449BD9-51A6-4D5B-A256-C5B88B2D68DD}.Release|Any CPU.ActiveCfg = Release|x86
		{A5449BD9-51A6-4D5B-A256-C5B88B2D68DD}.Release|ARM.ActiveCfg = Release|ARM
		{A5449BD9-51A6-4D5B-A256-C5B88B2D68DD}.Release|ARM.Build.0 = Release|ARM
		{A5449BD9-51A6-4D5B-A256-C5B88B2D68DD}.Release|ARM.Deploy.0 = Release|ARM
		{A5449BD9-51A6-4D5B-A256-C5B88B2D68DD}.Release|ARM64.ActiveCfg = Release|ARM64
		{A5449BD9-51A6-4D5B-A256-C5B88B2D68DD}.Release|ARM64.Build.0 = Release|ARM64
		{A5449BD9-51A6-4D5B-A256-C5B88B2D68DD}.Release|ARM64.Deploy.0 = Release|ARM64
		{A5449BD9-51A6-4D5B-A256-C5B88B2D68DD}.Release|x64.ActiveCfg = Release|x64
		{A5449BD9-51A6-4D5B-A256-C5B88B2D68DD}.Release|x64.Build.0 = Release|x64
		{A5449BD9-51A6-4D5B-A256-C5B88B2D68DD}.Release|x64.Deploy.0 = Release|x64
		{A5449BD9-51A6-4D5B-A256-C5B88B2D68DD}.Release|x86.ActiveCfg = Release|x86
		{A5449BD9-51A6-4D5B-A256-C5B88B2D68DD}.Release|x86.Build.0 = Release|x86
		{A5449BD9-51A6-4D5B-A256-C5B88B2D68DD}.Release|x86.Deploy.0 = Release|x86
	EndGlobalSection
	GlobalSection(SolutionProperties) = preSolution
		HideSolutionNode = FALSE
	EndGlobalSection
	GlobalSection(ExtensibilityGlobals) = postSolution
		SolutionGuid = {71FA3BEB-2296-44A4-8BC9-834AD8C75F83}
	EndGlobalSection
EndGlobal
